
Microsoft Visual Studio Solution File, Format Version 12.00
# Visual Studio Version 17
VisualStudioVersion = 17.14.36221.1
MinimumVisualStudioVersion = 10.0.40219.1
Project("{FAE04EC0-301F-11D3-BF4B-00C04F79EFBC}") = "FitnessTracker", "FitnessTracker\FitnessTracker.csproj", "{D0C5135F-323D-A94F-AF30-E52BDBD85F4B}"
EndProject
Global
	GlobalSection(SolutionConfigurationPlatforms) = preSolution
		Debug|Any CPU = Debug|Any CPU
		Release|Any CPU = Release|Any CPU
	EndGlobalSection
	GlobalSection(ProjectConfigurationPlatforms) = postSolution
		{D0C5135F-323D-A94F-AF30-E52BDBD85F4B}.Debug|Any CPU.ActiveCfg = Debug|Any CPU
		{D0C5135F-323D-A94F-AF30-E52BDBD85F4B}.Debug|Any CPU.Build.0 = Debug|Any CPU
		{D0C5135F-323D-A94F-AF30-E52BDBD85F4B}.Release|Any CPU.ActiveCfg = Release|Any CPU
		{D0C5135F-323D-A94F-AF30-E52BDBD85F4B}.Release|Any CPU.Build.0 = Release|Any CPU
	EndGlobalSection
	GlobalSection(SolutionProperties) = preSolution
		HideSolutionNode = FALSE
	EndGlobalSection
	GlobalSection(ExtensibilityGlobals) = postSolution
		SolutionGuid = {25F67B90-40B2-4489-9436-D1E0B51F4C46}
	EndGlobalSection
EndGlobal
